// !$*UTF8*$!
{
	archiveVersion = 1;
	classes = {
	};
	objectVersion = 46;
	objects = {

/* Begin PBXBuildFile section */
		698F0EEF1C354F1700F066D1 /* AppDelegate.swift in Sources */ = {isa = PBXBuildFile; fileRef = 698F0EEE1C354F1700F066D1 /* AppDelegate.swift */; };
		698F0EF11C354F1700F066D1 /* ViewController.swift in Sources */ = {isa = PBXBuildFile; fileRef = 698F0EF01C354F1700F066D1 /* ViewController.swift */; };
		698F0EF41C354F1700F066D1 /* Main.storyboard in Resources */ = {isa = PBXBuildFile; fileRef = 698F0EF21C354F1700F066D1 /* Main.storyboard */; };
		698F0EF61C354F1700F066D1 /* Assets.xcassets in Resources */ = {isa = PBXBuildFile; fileRef = 698F0EF51C354F1700F066D1 /* Assets.xcassets */; };
		698F0EF91C354F1700F066D1 /* LaunchScreen.storyboard in Resources */ = {isa = PBXBuildFile; fileRef = 698F0EF71C354F1700F066D1 /* LaunchScreen.storyboard */; };
		698F0F041C354F1700F066D1 /* MaiFangTests.swift in Sources */ = {isa = PBXBuildFile; fileRef = 698F0F031C354F1700F066D1 /* MaiFangTests.swift */; };
		698F0F0F1C354F1700F066D1 /* MaiFangUITests.swift in Sources */ = {isa = PBXBuildFile; fileRef = 698F0F0E1C354F1700F066D1 /* MaiFangUITests.swift */; };
		698F0F391C3595FE00F066D1 /* BaiduMapAPI_Base.framework in Frameworks */ = {isa = PBXBuildFile; fileRef = 698F0F321C3595FE00F066D1 /* BaiduMapAPI_Base.framework */; };
		698F0F3A1C3595FE00F066D1 /* BaiduMapAPI_Cloud.framework in Frameworks */ = {isa = PBXBuildFile; fileRef = 698F0F331C3595FE00F066D1 /* BaiduMapAPI_Cloud.framework */; };
		698F0F3B1C3595FE00F066D1 /* BaiduMapAPI_Location.framework in Frameworks */ = {isa = PBXBuildFile; fileRef = 698F0F341C3595FE00F066D1 /* BaiduMapAPI_Location.framework */; };
		698F0F3C1C3595FE00F066D1 /* BaiduMapAPI_Map.framework in Frameworks */ = {isa = PBXBuildFile; fileRef = 698F0F351C3595FE00F066D1 /* BaiduMapAPI_Map.framework */; };
		698F0F3D1C3595FE00F066D1 /* BaiduMapAPI_Radar.framework in Frameworks */ = {isa = PBXBuildFile; fileRef = 698F0F361C3595FE00F066D1 /* BaiduMapAPI_Radar.framework */; };
		698F0F3E1C3595FE00F066D1 /* BaiduMapAPI_Search.framework in Frameworks */ = {isa = PBXBuildFile; fileRef = 698F0F371C3595FE00F066D1 /* BaiduMapAPI_Search.framework */; };
		698F0F3F1C3595FE00F066D1 /* BaiduMapAPI_Utils.framework in Frameworks */ = {isa = PBXBuildFile; fileRef = 698F0F381C3595FE00F066D1 /* BaiduMapAPI_Utils.framework */; };
		698F0F431C35966C00F066D1 /* libBPush.a in Frameworks */ = {isa = PBXBuildFile; fileRef = 698F0F421C35966C00F066D1 /* libBPush.a */; };
/* End PBXBuildFile section */

/* Begin PBXContainerItemProxy section */
		698F0F001C354F1700F066D1 /* PBXContainerItemProxy */ = {
			isa = PBXContainerItemProxy;
			containerPortal = 698F0EE31C354F1700F066D1 /* Project object */;
			proxyType = 1;
			remoteGlobalIDString = 698F0EEA1C354F1700F066D1;
			remoteInfo = MaiFang;
		};
		698F0F0B1C354F1700F066D1 /* PBXContainerItemProxy */ = {
			isa = PBXContainerItemProxy;
			containerPortal = 698F0EE31C354F1700F066D1 /* Project object */;
			proxyType = 1;
			remoteGlobalIDString = 698F0EEA1C354F1700F066D1;
			remoteInfo = MaiFang;
		};
/* End PBXContainerItemProxy section */

/* Begin PBXFileReference section */
		698F0EEB1C354F1700F066D1 /* MaiFang.app */ = {isa = PBXFileReference; explicitFileType = wrapper.application; includeInIndex = 0; path = MaiFang.app; sourceTree = BUILT_PRODUCTS_DIR; };
		698F0EEE1C354F1700F066D1 /* AppDelegate.swift */ = {isa = PBXFileReference; lastKnownFileType = sourcecode.swift; path = AppDelegate.swift; sourceTree = "<group>"; };
		698F0EF01C354F1700F066D1 /* ViewController.swift */ = {isa = PBXFileReference; lastKnownFileType = sourcecode.swift; path = ViewController.swift; sourceTree = "<group>"; };
		698F0EF31C354F1700F066D1 /* Base */ = {isa = PBXFileReference; lastKnownFileType = file.storyboard; name = Base; path = Base.lproj/Main.storyboard; sourceTree = "<group>"; };
		698F0EF51C354F1700F066D1 /* Assets.xcassets */ = {isa = PBXFileReference; lastKnownFileType = folder.assetcatalog; path = Assets.xcassets; sourceTree = "<group>"; };
		698F0EF81C354F1700F066D1 /* Base */ = {isa = PBXFileReference; lastKnownFileType = file.storyboard; name = Base; path = Base.lproj/LaunchScreen.storyboard; sourceTree = "<group>"; };
		698F0EFA1C354F1700F066D1 /* Info.plist */ = {isa = PBXFileReference; lastKnownFileType = text.plist.xml; path = Info.plist; sourceTree = "<group>"; };
		698F0EFF1C354F1700F066D1 /* MaiFangTests.xctest */ = {isa = PBXFileReference; explicitFileType = wrapper.cfbundle; includeInIndex = 0; path = MaiFangTests.xctest; sourceTree = BUILT_PRODUCTS_DIR; };
		698F0F031C354F1700F066D1 /* MaiFangTests.swift */ = {isa = PBXFileReference; lastKnownFileType = sourcecode.swift; path = MaiFangTests.swift; sourceTree = "<group>"; };
		698F0F051C354F1700F066D1 /* Info.plist */ = {isa = PBXFileReference; lastKnownFileType = text.plist.xml; path = Info.plist; sourceTree = "<group>"; };
		698F0F0A1C354F1700F066D1 /* MaiFangUITests.xctest */ = {isa = PBXFileReference; explicitFileType = wrapper.cfbundle; includeInIndex = 0; path = MaiFangUITests.xctest; sourceTree = BUILT_PRODUCTS_DIR; };
		698F0F0E1C354F1700F066D1 /* MaiFangUITests.swift */ = {isa = PBXFileReference; lastKnownFileType = sourcecode.swift; path = MaiFangUITests.swift; sourceTree = "<group>"; };
		698F0F101C354F1700F066D1 /* Info.plist */ = {isa = PBXFileReference; lastKnownFileType = text.plist.xml; path = Info.plist; sourceTree = "<group>"; };
		698F0F321C3595FE00F066D1 /* BaiduMapAPI_Base.framework */ = {isa = PBXFileReference; lastKnownFileType = wrapper.framework; path = BaiduMapAPI_Base.framework; sourceTree = "<group>"; };
		698F0F331C3595FE00F066D1 /* BaiduMapAPI_Cloud.framework */ = {isa = PBXFileReference; lastKnownFileType = wrapper.framework; path = BaiduMapAPI_Cloud.framework; sourceTree = "<group>"; };
		698F0F341C3595FE00F066D1 /* BaiduMapAPI_Location.framework */ = {isa = PBXFileReference; lastKnownFileType = wrapper.framework; path = BaiduMapAPI_Location.framework; sourceTree = "<group>"; };
		698F0F351C3595FE00F066D1 /* BaiduMapAPI_Map.framework */ = {isa = PBXFileReference; lastKnownFileType = wrapper.framework; path = BaiduMapAPI_Map.framework; sourceTree = "<group>"; };
		698F0F361C3595FE00F066D1 /* BaiduMapAPI_Radar.framework */ = {isa = PBXFileReference; lastKnownFileType = wrapper.framework; path = BaiduMapAPI_Radar.framework; sourceTree = "<group>"; };
		698F0F371C3595FE00F066D1 /* BaiduMapAPI_Search.framework */ = {isa = PBXFileReference; lastKnownFileType = wrapper.framework; path = BaiduMapAPI_Search.framework; sourceTree = "<group>"; };
		698F0F381C3595FE00F066D1 /* BaiduMapAPI_Utils.framework */ = {isa = PBXFileReference; lastKnownFileType = wrapper.framework; path = BaiduMapAPI_Utils.framework; sourceTree = "<group>"; };
		698F0F411C35966C00F066D1 /* BPush.h */ = {isa = PBXFileReference; fileEncoding = 4; lastKnownFileType = sourcecode.c.h; path = BPush.h; sourceTree = "<group>"; };
		698F0F421C35966C00F066D1 /* libBPush.a */ = {isa = PBXFileReference; lastKnownFileType = archive.ar; path = libBPush.a; sourceTree = "<group>"; };
/* End PBXFileReference section */

/* Begin PBXFrameworksBuildPhase section */
		698F0EE81C354F1700F066D1 /* Frameworks */ = {
			isa = PBXFrameworksBuildPhase;
			buildActionMask = 2147483647;
			files = (
				698F0F3A1C3595FE00F066D1 /* BaiduMapAPI_Cloud.framework in Frameworks */,
				698F0F3B1C3595FE00F066D1 /* BaiduMapAPI_Location.framework in Frameworks */,
				698F0F431C35966C00F066D1 /* libBPush.a in Frameworks */,
				698F0F3E1C3595FE00F066D1 /* BaiduMapAPI_Search.framework in Frameworks */,
				698F0F3D1C3595FE00F066D1 /* BaiduMapAPI_Radar.framework in Frameworks */,
				698F0F391C3595FE00F066D1 /* BaiduMapAPI_Base.framework in Frameworks */,
				698F0F3C1C3595FE00F066D1 /* BaiduMapAPI_Map.framework in Frameworks */,
				698F0F3F1C3595FE00F066D1 /* BaiduMapAPI_Utils.framework in Frameworks */,
			);
			runOnlyForDeploymentPostprocessing = 0;
		};
		698F0EFC1C354F1700F066D1 /* Frameworks */ = {
			isa = PBXFrameworksBuildPhase;
			buildActionMask = 2147483647;
			files = (
			);
			runOnlyForDeploymentPostprocessing = 0;
		};
		698F0F071C354F1700F066D1 /* Frameworks */ = {
			isa = PBXFrameworksBuildPhase;
			buildActionMask = 2147483647;
			files = (
			);
			runOnlyForDeploymentPostprocessing = 0;
		};
/* End PBXFrameworksBuildPhase section */

/* Begin PBXGroup section */
		698F0EE21C354F1700F066D1 = {
			isa = PBXGroup;
			children = (
				698F0EED1C354F1700F066D1 /* MaiFang */,
				698F0F021C354F1700F066D1 /* MaiFangTests */,
				698F0F0D1C354F1700F066D1 /* MaiFangUITests */,
				698F0EEC1C354F1700F066D1 /* Products */,
			);
			sourceTree = "<group>";
		};
		698F0EEC1C354F1700F066D1 /* Products */ = {
			isa = PBXGroup;
			children = (
				698F0EEB1C354F1700F066D1 /* MaiFang.app */,
				698F0EFF1C354F1700F066D1 /* MaiFangTests.xctest */,
				698F0F0A1C354F1700F066D1 /* MaiFangUITests.xctest */,
			);
			name = Products;
			sourceTree = "<group>";
		};
		698F0EED1C354F1700F066D1 /* MaiFang */ = {
			isa = PBXGroup;
			children = (
				698F0F1C1C35953200F066D1 /* Classes */,
				698F0EEE1C354F1700F066D1 /* AppDelegate.swift */,
				698F0EF01C354F1700F066D1 /* ViewController.swift */,
				698F0EF21C354F1700F066D1 /* Main.storyboard */,
				698F0EF51C354F1700F066D1 /* Assets.xcassets */,
				698F0EF71C354F1700F066D1 /* LaunchScreen.storyboard */,
				698F0EFA1C354F1700F066D1 /* Info.plist */,
			);
			path = MaiFang;
			sourceTree = "<group>";
		};
		698F0F021C354F1700F066D1 /* MaiFangTests */ = {
			isa = PBXGroup;
			children = (
				698F0F031C354F1700F066D1 /* MaiFangTests.swift */,
				698F0F051C354F1700F066D1 /* Info.plist */,
			);
			path = MaiFangTests;
			sourceTree = "<group>";
		};
		698F0F0D1C354F1700F066D1 /* MaiFangUITests */ = {
			isa = PBXGroup;
			children = (
				698F0F0E1C354F1700F066D1 /* MaiFangUITests.swift */,
				698F0F101C354F1700F066D1 /* Info.plist */,
			);
			path = MaiFangUITests;
			sourceTree = "<group>";
		};
		698F0F1C1C35953200F066D1 /* Classes */ = {
			isa = PBXGroup;
			children = (
				698F0F1D1C35953200F066D1 /* Lib */,
			);
			path = Classes;
			sourceTree = "<group>";
		};
		698F0F1D1C35953200F066D1 /* Lib */ = {
			isa = PBXGroup;
			children = (
				698F0F401C35966C00F066D1 /* BPushSDK */,
				698F0F1E1C35957A00F066D1 /* BaiduMapKit */,
			);
			path = Lib;
			sourceTree = "<group>";
		};
		698F0F1E1C35957A00F066D1 /* BaiduMapKit */ = {
			isa = PBXGroup;
			children = (
				698F0F321C3595FE00F066D1 /* BaiduMapAPI_Base.framework */,
				698F0F331C3595FE00F066D1 /* BaiduMapAPI_Cloud.framework */,
				698F0F341C3595FE00F066D1 /* BaiduMapAPI_Location.framework */,
				698F0F351C3595FE00F066D1 /* BaiduMapAPI_Map.framework */,
				698F0F361C3595FE00F066D1 /* BaiduMapAPI_Radar.framework */,
				698F0F371C3595FE00F066D1 /* BaiduMapAPI_Search.framework */,
				698F0F381C3595FE00F066D1 /* BaiduMapAPI_Utils.framework */,
			);
			path = BaiduMapKit;
			sourceTree = "<group>";
		};
		698F0F401C35966C00F066D1 /* BPushSDK */ = {
			isa = PBXGroup;
			children = (
				698F0F411C35966C00F066D1 /* BPush.h */,
				698F0F421C35966C00F066D1 /* libBPush.a */,
			);
			path = BPushSDK;
			sourceTree = "<group>";
		};
/* End PBXGroup section */

/* Begin PBXNativeTarget section */
		698F0EEA1C354F1700F066D1 /* MaiFang */ = {
			isa = PBXNativeTarget;
			buildConfigurationList = 698F0F131C354F1700F066D1 /* Build configuration list for PBXNativeTarget "MaiFang" */;
			buildPhases = (
				698F0EE71C354F1700F066D1 /* Sources */,
				698F0EE81C354F1700F066D1 /* Frameworks */,
				698F0EE91C354F1700F066D1 /* Resources */,
			);
			buildRules = (
			);
			dependencies = (
			);
			name = MaiFang;
			productName = MaiFang;
			productReference = 698F0EEB1C354F1700F066D1 /* MaiFang.app */;
			productType = "com.apple.product-type.application";
		};
		698F0EFE1C354F1700F066D1 /* MaiFangTests */ = {
			isa = PBXNativeTarget;
			buildConfigurationList = 698F0F161C354F1700F066D1 /* Build configuration list for PBXNativeTarget "MaiFangTests" */;
			buildPhases = (
				698F0EFB1C354F1700F066D1 /* Sources */,
				698F0EFC1C354F1700F066D1 /* Frameworks */,
				698F0EFD1C354F1700F066D1 /* Resources */,
			);
			buildRules = (
			);
			dependencies = (
				698F0F011C354F1700F066D1 /* PBXTargetDependency */,
			);
			name = MaiFangTests;
			productName = MaiFangTests;
			productReference = 698F0EFF1C354F1700F066D1 /* MaiFangTests.xctest */;
			productType = "com.apple.product-type.bundle.unit-test";
		};
		698F0F091C354F1700F066D1 /* MaiFangUITests */ = {
			isa = PBXNativeTarget;
			buildConfigurationList = 698F0F191C354F1700F066D1 /* Build configuration list for PBXNativeTarget "MaiFangUITests" */;
			buildPhases = (
				698F0F061C354F1700F066D1 /* Sources */,
				698F0F071C354F1700F066D1 /* Frameworks */,
				698F0F081C354F1700F066D1 /* Resources */,
			);
			buildRules = (
			);
			dependencies = (
				698F0F0C1C354F1700F066D1 /* PBXTargetDependency */,
			);
			name = MaiFangUITests;
			productName = MaiFangUITests;
			productReference = 698F0F0A1C354F1700F066D1 /* MaiFangUITests.xctest */;
			productType = "com.apple.product-type.bundle.ui-testing";
		};
/* End PBXNativeTarget section */

/* Begin PBXProject section */
		698F0EE31C354F1700F066D1 /* Project object */ = {
			isa = PBXProject;
			attributes = {
				LastSwiftUpdateCheck = 0720;
				LastUpgradeCheck = 0720;
				ORGANIZATIONNAME = chuangjia;
				TargetAttributes = {
					698F0EEA1C354F1700F066D1 = {
						CreatedOnToolsVersion = 7.2;
					};
					698F0EFE1C354F1700F066D1 = {
						CreatedOnToolsVersion = 7.2;
						TestTargetID = 698F0EEA1C354F1700F066D1;
					};
					698F0F091C354F1700F066D1 = {
						CreatedOnToolsVersion = 7.2;
						TestTargetID = 698F0EEA1C354F1700F066D1;
					};
				};
			};
			buildConfigurationList = 698F0EE61C354F1700F066D1 /* Build configuration list for PBXProject "MaiFang" */;
			compatibilityVersion = "Xcode 3.2";
			developmentRegion = English;
			hasScannedForEncodings = 0;
			knownRegions = (
				en,
				Base,
			);
			mainGroup = 698F0EE21C354F1700F066D1;
			productRefGroup = 698F0EEC1C354F1700F066D1 /* Products */;
			projectDirPath = "";
			projectRoot = "";
			targets = (
				698F0EEA1C354F1700F066D1 /* MaiFang */,
				698F0EFE1C354F1700F066D1 /* MaiFangTests */,
				698F0F091C354F1700F066D1 /* MaiFangUITests */,
			);
		};
/* End PBXProject section */

/* Begin PBXResourcesBuildPhase section */
		698F0EE91C354F1700F066D1 /* Resources */ = {
			isa = PBXResourcesBuildPhase;
			buildActionMask = 2147483647;
			files = (
				698F0EF91C354F1700F066D1 /* LaunchScreen.storyboard in Resources */,
				698F0EF61C354F1700F066D1 /* Assets.xcassets in Resources */,
				698F0EF41C354F1700F066D1 /* Main.storyboard in Resources */,
			);
			runOnlyForDeploymentPostprocessing = 0;
		};
		698F0EFD1C354F1700F066D1 /* Resources */ = {
			isa = PBXResourcesBuildPhase;
			buildActionMask = 2147483647;
			files = (
			);
			runOnlyForDeploymentPostprocessing = 0;
		};
		698F0F081C354F1700F066D1 /* Resources */ = {
			isa = PBXResourcesBuildPhase;
			buildActionMask = 2147483647;
			files = (
			);
			runOnlyForDeploymentPostprocessing = 0;
		};
/* End PBXResourcesBuildPhase section */

/* Begin PBXSourcesBuildPhase section */
		698F0EE71C354F1700F066D1 /* Sources */ = {
			isa = PBXSourcesBuildPhase;
			buildActionMask = 2147483647;
			files = (
				698F0EF11C354F1700F066D1 /* ViewController.swift in Sources */,
				698F0EEF1C354F1700F066D1 /* AppDelegate.swift in Sources */,
			);
			runOnlyForDeploymentPostprocessing = 0;
		};
		698F0EFB1C354F1700F066D1 /* Sources */ = {
			isa = PBXSourcesBuildPhase;
			buildActionMask = 2147483647;
			files = (
				698F0F041C354F1700F066D1 /* MaiFangTests.swift in Sources */,
			);
			runOnlyForDeploymentPostprocessing = 0;
		};
		698F0F061C354F1700F066D1 /* Sources */ = {
			isa = PBXSourcesBuildPhase;
			buildActionMask = 2147483647;
			files = (
				698F0F0F1C354F1700F066D1 /* MaiFangUITests.swift in Sources */,
			);
			runOnlyForDeploymentPostprocessing = 0;
		};
/* End PBXSourcesBuildPhase section */

/* Begin PBXTargetDependency section */
		698F0F011C354F1700F066D1 /* PBXTargetDependency */ = {
			isa = PBXTargetDependency;
			target = 698F0EEA1C354F1700F066D1 /* MaiFang */;
			targetProxy = 698F0F001C354F1700F066D1 /* PBXContainerItemProxy */;
		};
		698F0F0C1C354F1700F066D1 /* PBXTargetDependency */ = {
			isa = PBXTargetDependency;
			target = 698F0EEA1C354F1700F066D1 /* MaiFang */;
			targetProxy = 698F0F0B1C354F1700F066D1 /* PBXContainerItemProxy */;
		};
/* End PBXTargetDependency section */

/* Begin PBXVariantGroup section */
		698F0EF21C354F1700F066D1 /* Main.storyboard */ = {
			isa = PBXVariantGroup;
			children = (
				698F0EF31C354F1700F066D1 /* Base */,
			);
			name = Main.storyboard;
			sourceTree = "<group>";
		};
		698F0EF71C354F1700F066D1 /* LaunchScreen.storyboard */ = {
			isa = PBXVariantGroup;
			children = (
				698F0EF81C354F1700F066D1 /* Base */,
			);
			name = LaunchScreen.storyboard;
			sourceTree = "<group>";
		};
/* End PBXVariantGroup section */

/* Begin XCBuildConfiguration section */
		698F0F111C354F1700F066D1 /* Debug */ = {
			isa = XCBuildConfiguration;
			buildSettings = {
				ALWAYS_SEARCH_USER_PATHS = NO;
				CLANG_CXX_LANGUAGE_STANDARD = "gnu++0x";
				CLANG_CXX_LIBRARY = "libc++";
				CLANG_ENABLE_MODULES = YES;
				CLANG_ENABLE_OBJC_ARC = YES;
				CLANG_WARN_BOOL_CONVERSION = YES;
				CLANG_WARN_CONSTANT_CONVERSION = YES;
				CLANG_WARN_DIRECT_OBJC_ISA_USAGE = YES_ERROR;
				CLANG_WARN_EMPTY_BODY = YES;
				CLANG_WARN_ENUM_CONVERSION = YES;
				CLANG_WARN_INT_CONVERSION = YES;
				CLANG_WARN_OBJC_ROOT_CLASS = YES_ERROR;
				CLANG_WARN_UNREACHABLE_CODE = YES;
				CLANG_WARN__DUPLICATE_METHOD_MATCH = YES;
				"CODE_SIGN_IDENTITY[sdk=iphoneos*]" = "iPhone Developer";
				COPY_PHASE_STRIP = NO;
				DEBUG_INFORMATION_FORMAT = dwarf;
				ENABLE_STRICT_OBJC_MSGSEND = YES;
				ENABLE_TESTABILITY = YES;
				GCC_C_LANGUAGE_STANDARD = gnu99;
				GCC_DYNAMIC_NO_PIC = NO;
				GCC_NO_COMMON_BLOCKS = YES;
				GCC_OPTIMIZATION_LEVEL = 0;
				GCC_PREPROCESSOR_DEFINITIONS = (
					"DEBUG=1",
					"$(inherited)",
				);
				GCC_WARN_64_TO_32_BIT_CONVERSION = YES;
				GCC_WARN_ABOUT_RETURN_TYPE = YES_ERROR;
				GCC_WARN_UNDECLARED_SELECTOR = YES;
				GCC_WARN_UNINITIALIZED_AUTOS = YES_AGGRESSIVE;
				GCC_WARN_UNUSED_FUNCTION = YES;
				GCC_WARN_UNUSED_VARIABLE = YES;
				IPHONEOS_DEPLOYMENT_TARGET = 8.0;
				MTL_ENABLE_DEBUG_INFO = YES;
				ONLY_ACTIVE_ARCH = YES;
				SDKROOT = iphoneos;
				SWIFT_OPTIMIZATION_LEVEL = "-Onone";
			};
			name = Debug;
		};
		698F0F121C354F1700F066D1 /* Release */ = {
			isa = XCBuildConfiguration;
			buildSettings = {
				ALWAYS_SEARCH_USER_PATHS = NO;
				CLANG_CXX_LANGUAGE_STANDARD = "gnu++0x";
				CLANG_CXX_LIBRARY = "libc++";
				CLANG_ENABLE_MODULES = YES;
				CLANG_ENABLE_OBJC_ARC = YES;
				CLANG_WARN_BOOL_CONVERSION = YES;
				CLANG_WARN_CONSTANT_CONVERSION = YES;
				CLANG_WARN_DIRECT_OBJC_ISA_USAGE = YES_ERROR;
				CLANG_WARN_EMPTY_BODY = YES;
				CLANG_WARN_ENUM_CONVERSION = YES;
				CLANG_WARN_INT_CONVERSION = YES;
				CLANG_WARN_OBJC_ROOT_CLASS = YES_ERROR;
				CLANG_WARN_UNREACHABLE_CODE = YES;
				CLANG_WARN__DUPLICATE_METHOD_MATCH = YES;
				"CODE_SIGN_IDENTITY[sdk=iphoneos*]" = "iPhone Developer";
				COPY_PHASE_STRIP = NO;
				DEBUG_INFORMATION_FORMAT = "dwarf-with-dsym";
				ENABLE_NS_ASSERTIONS = NO;
				ENABLE_STRICT_OBJC_MSGSEND = YES;
				GCC_C_LANGUAGE_STANDARD = gnu99;
				GCC_NO_COMMON_BLOCKS = YES;
				GCC_WARN_64_TO_32_BIT_CONVERSION = YES;
				GCC_WARN_ABOUT_RETURN_TYPE = YES_ERROR;
				GCC_WARN_UNDECLARED_SELECTOR = YES;
				GCC_WARN_UNINITIALIZED_AUTOS = YES_AGGRESSIVE;
				GCC_WARN_UNUSED_FUNCTION = YES;
				GCC_WARN_UNUSED_VARIABLE = YES;
				IPHONEOS_DEPLOYMENT_TARGET = 8.0;
				MTL_ENABLE_DEBUG_INFO = NO;
				SDKROOT = iphoneos;
				VALIDATE_PRODUCT = YES;
			};
			name = Release;
		};
		698F0F141C354F1700F066D1 /* Debug */ = {
			isa = XCBuildConfiguration;
			buildSettings = {
				ASSETCATALOG_COMPILER_APPICON_NAME = AppIcon;
				FRAMEWORK_SEARCH_PATHS = (
					"$(inherited)",
					"$(PROJECT_DIR)/MaiFang/Classes/Lib/BaiduMapKit/BaiduMapKit",
					"$(PROJECT_DIR)/MaiFang/Classes/Lib/BaiduMapKit",
				);
				INFOPLIST_FILE = MaiFang/Info.plist;
				IPHONEOS_DEPLOYMENT_TARGET = 8.0;
				LD_RUNPATH_SEARCH_PATHS = "$(inherited) @executable_path/Frameworks";
				LIBRARY_SEARCH_PATHS = (
					"$(inherited)",
					"$(PROJECT_DIR)/MaiFang/Classes/Lib/BPushSDK",
				);
				PRODUCT_BUNDLE_IDENTIFIER = com.chuangjia.MaiFang;
				PRODUCT_NAME = "$(TARGET_NAME)";
			};
			name = Debug;
		};
		698F0F151C354F1700F066D1 /* Release */ = {
			isa = XCBuildConfiguration;
			buildSettings = {
				ASSETCATALOG_COMPILER_APPICON_NAME = AppIcon;
				FRAMEWORK_SEARCH_PATHS = (
					"$(inherited)",
					"$(PROJECT_DIR)/MaiFang/Classes/Lib/BaiduMapKit/BaiduMapKit",
					"$(PROJECT_DIR)/MaiFang/Classes/Lib/BaiduMapKit",
				);
				INFOPLIST_FILE = MaiFang/Info.plist;
				IPHONEOS_DEPLOYMENT_TARGET = 8.0;
				LD_RUNPATH_SEARCH_PATHS = "$(inherited) @executable_path/Frameworks";
				LIBRARY_SEARCH_PATHS = (
					"$(inherited)",
					"$(PROJECT_DIR)/MaiFang/Classes/Lib/BPushSDK",
				);
				PRODUCT_BUNDLE_IDENTIFIER = com.chuangjia.MaiFang;
				PRODUCT_NAME = "$(TARGET_NAME)";
			};
			name = Release;
		};
		698F0F171C354F1700F066D1 /* Debug */ = {
			isa = XCBuildConfiguration;
			buildSettings = {
				BUNDLE_LOADER = "$(TEST_HOST)";
				INFOPLIST_FILE = MaiFangTests/Info.plist;
				LD_RUNPATH_SEARCH_PATHS = "$(inherited) @executable_path/Frameworks @loader_path/Frameworks";
				PRODUCT_BUNDLE_IDENTIFIER = com.chuangjia.MaiFangTests;
				PRODUCT_NAME = "$(TARGET_NAME)";
				TEST_HOST = "$(BUILT_PRODUCTS_DIR)/MaiFang.app/MaiFang";
			};
			name = Debug;
		};
		698F0F181C354F1700F066D1 /* Release */ = {
			isa = XCBuildConfiguration;
			buildSettings = {
				BUNDLE_LOADER = "$(TEST_HOST)";
				INFOPLIST_FILE = MaiFangTests/Info.plist;
				LD_RUNPATH_SEARCH_PATHS = "$(inherited) @executable_path/Frameworks @loader_path/Frameworks";
				PRODUCT_BUNDLE_IDENTIFIER = com.chuangjia.MaiFangTests;
				PRODUCT_NAME = "$(TARGET_NAME)";
				TEST_HOST = "$(BUILT_PRODUCTS_DIR)/MaiFang.app/MaiFang";
			};
			name = Release;
		};
		698F0F1A1C354F1700F066D1 /* Debug */ = {
			isa = XCBuildConfiguration;
			buildSettings = {
				INFOPLIST_FILE = MaiFangUITests/Info.plist;
				LD_RUNPATH_SEARCH_PATHS = "$(inherited) @executable_path/Frameworks @loader_path/Frameworks";
				PRODUCT_BUNDLE_IDENTIFIER = com.chuangjia.MaiFangUITests;
				PRODUCT_NAME = "$(TARGET_NAME)";
				TEST_TARGET_NAME = MaiFang;
				USES_XCTRUNNER = YES;
			};
			name = Debug;
		};
		698F0F1B1C354F1700F066D1 /* Release */ = {
			isa = XCBuildConfiguration;
			buildSettings = {
				INFOPLIST_FILE = MaiFangUITests/Info.plist;
				LD_RUNPATH_SEARCH_PATHS = "$(inherited) @executable_path/Frameworks @loader_path/Frameworks";
				PRODUCT_BUNDLE_IDENTIFIER = com.chuangjia.MaiFangUITests;
				PRODUCT_NAME = "$(TARGET_NAME)";
				TEST_TARGET_NAME = MaiFang;
				USES_XCTRUNNER = YES;
			};
			name = Release;
		};
/* End XCBuildConfiguration section */

/* Begin XCConfigurationList section */
		698F0EE61C354F1700F066D1 /* Build configuration list for PBXProject "MaiFang" */ = {
			isa = XCConfigurationList;
			buildConfigurations = (
				698F0F111C354F1700F066D1 /* Debug */,
				698F0F121C354F1700F066D1 /* Release */,
			);
			defaultConfigurationIsVisible = 0;
			defaultConfigurationName = Release;
		};
		698F0F131C354F1700F066D1 /* Build configuration list for PBXNativeTarget "MaiFang" */ = {
			isa = XCConfigurationList;
			buildConfigurations = (
				698F0F141C354F1700F066D1 /* Debug */,
				698F0F151C354F1700F066D1 /* Release */,
			);
			defaultConfigurationIsVisible = 0;
			defaultConfigurationName = Release;
		};
		698F0F161C354F1700F066D1 /* Build configuration list for PBXNativeTarget "MaiFangTests" */ = {
			isa = XCConfigurationList;
			buildConfigurations = (
				698F0F171C354F1700F066D1 /* Debug */,
				698F0F181C354F1700F066D1 /* Release */,
			);
			defaultConfigurationIsVisible = 0;
			defaultConfigurationName = Release;
		};
		698F0F191C354F1700F066D1 /* Build configuration list for PBXNativeTarget "MaiFangUITests" */ = {
			isa = XCConfigurationList;
			buildConfigurations = (
				698F0F1A1C354F1700F066D1 /* Debug */,
				698F0F1B1C354F1700F066D1 /* Release */,
			);
			defaultConfigurationIsVisible = 0;
			defaultConfigurationName = Release;
		};
/* End XCConfigurationList section */
	};
	rootObject = 698F0EE31C354F1700F066D1 /* Project object */;
}
